# This file is automatically @generated by Cargo.
# It is not intended for manual editing.
version = 4

[[package]]
name = "cuRSed"
version = "0.1.0"
dependencies = [
 "neutuino",
]

[[package]]
name = "neutuino"
version = "0.1.0"
source = "git+https://github.com/Xyverle/neutuino#c502a41803b7690d6f37030d8824247288b9d241"
