# This file is automatically @generated by Cargo.
# It is not intended for manual editing.
version = 4

[[package]]
name = "cuRSed"
version = "0.1.0"
dependencies = [
 "neutuino",
]

[[package]]
name = "neutuino"
version = "0.1.0"
source = "git+https://github.com/Xyverle/neutuino#a4991f15824f7101393e5224aaddb3fd7a7c40d0"
